// !$*UTF8*$!
{
	archiveVersion = 1;
	classes = {
	};
	objectVersion = 50;
	objects = {

/* Begin PBXBuildFile section */
		510D356D726D585ABBD112C6 /* Pods_WehkampAppTests.framework in Frameworks */ = {isa = PBXBuildFile; fileRef = 62BC0ECC5FF0DA5C40D450CC /* Pods_WehkampAppTests.framework */; };
		77035274214D9F3300917CEF /* SearchItemViewModel.swift in Sources */ = {isa = PBXBuildFile; fileRef = 77035273214D9F3300917CEF /* SearchItemViewModel.swift */; };
		771C54D12149B80A00B023C5 /* RxMoya+Extensions.swift in Sources */ = {isa = PBXBuildFile; fileRef = 771C54D02149B80A00B023C5 /* RxMoya+Extensions.swift */; };
		771C54D32149BF1B00B023C5 /* UIViewController+Extensions.swift in Sources */ = {isa = PBXBuildFile; fileRef = 771C54D22149BF1B00B023C5 /* UIViewController+Extensions.swift */; };
		7785143D21499C9300A2B1D8 /* Token.swift in Sources */ = {isa = PBXBuildFile; fileRef = 7785143C21499C9300A2B1D8 /* Token.swift */; };
		7785143F21499D4A00A2B1D8 /* LoginRouter.swift in Sources */ = {isa = PBXBuildFile; fileRef = 7785143E21499D4A00A2B1D8 /* LoginRouter.swift */; };
		779616C7214B0B780003C4B7 /* ProductCell.swift in Sources */ = {isa = PBXBuildFile; fileRef = 779616C5214B0B780003C4B7 /* ProductCell.swift */; };
		779616C8214B0B780003C4B7 /* ProductCell.xib in Resources */ = {isa = PBXBuildFile; fileRef = 779616C6214B0B780003C4B7 /* ProductCell.xib */; };
		7799C195214CE9520041D2BB /* Constants.swift in Sources */ = {isa = PBXBuildFile; fileRef = 7799C194214CE9520041D2BB /* Constants.swift */; };
		7799C198214CFC4A0041D2BB /* SearchViewModel.swift in Sources */ = {isa = PBXBuildFile; fileRef = 7799C197214CFC4A0041D2BB /* SearchViewModel.swift */; };
		7799C19B214CFC790041D2BB /* SearchItem.swift in Sources */ = {isa = PBXBuildFile; fileRef = 7799C19A214CFC790041D2BB /* SearchItem.swift */; };
		7799C19D214D04270041D2BB /* SearchViewController.swift in Sources */ = {isa = PBXBuildFile; fileRef = 7799C19C214D04270041D2BB /* SearchViewController.swift */; };
		7799C1A1214D04E10041D2BB /* SearchItemCell.swift in Sources */ = {isa = PBXBuildFile; fileRef = 7799C19F214D04E10041D2BB /* SearchItemCell.swift */; };
		7799C1A2214D04E10041D2BB /* SearchItemCell.xib in Resources */ = {isa = PBXBuildFile; fileRef = 7799C1A0214D04E10041D2BB /* SearchItemCell.xib */; };
		77B7EA06214E6EAB00EE6717 /* ApiTests.swift in Sources */ = {isa = PBXBuildFile; fileRef = 77B7EA05214E6EAB00EE6717 /* ApiTests.swift */; };
		77B7EA08214EA1F100EE6717 /* SearchViewModelTests.swift in Sources */ = {isa = PBXBuildFile; fileRef = 77B7EA07214EA1F100EE6717 /* SearchViewModelTests.swift */; };
		77B7EA0A214EA69D00EE6717 /* SearchItemViewModelTests.swift in Sources */ = {isa = PBXBuildFile; fileRef = 77B7EA09214EA69D00EE6717 /* SearchItemViewModelTests.swift */; };
		77B7EA0E214EB33100EE6717 /* BasketViewModelTests.swift in Sources */ = {isa = PBXBuildFile; fileRef = 77B7EA0D214EB33100EE6717 /* BasketViewModelTests.swift */; };
		77B7EA10214ECFF700EE6717 /* ProductViewModelTests.swift in Sources */ = {isa = PBXBuildFile; fileRef = 77B7EA0F214ECFF700EE6717 /* ProductViewModelTests.swift */; };
		77CD63C62149785400D396DA /* LoginViewController.swift in Sources */ = {isa = PBXBuildFile; fileRef = 77CD63C52149785400D396DA /* LoginViewController.swift */; };
		77CD63CB2149851000D396DA /* PaddedTextField.swift in Sources */ = {isa = PBXBuildFile; fileRef = 77CD63CA2149851000D396DA /* PaddedTextField.swift */; };
		77E5DB55214C066D0011F938 /* ProductViewModel.swift in Sources */ = {isa = PBXBuildFile; fileRef = 77E5DB54214C066D0011F938 /* ProductViewModel.swift */; };
		77E5DB57214C1CC00011F938 /* UIColor+Extensions.swift in Sources */ = {isa = PBXBuildFile; fileRef = 77E5DB56214C1CC00011F938 /* UIColor+Extensions.swift */; };
		77E5DB59214C1E520011F938 /* UIView+Extensions.swift in Sources */ = {isa = PBXBuildFile; fileRef = 77E5DB58214C1E520011F938 /* UIView+Extensions.swift */; };
		77EFDCC421494BD0005F9CDD /* AppDelegate.swift in Sources */ = {isa = PBXBuildFile; fileRef = 77EFDCC321494BD0005F9CDD /* AppDelegate.swift */; };
		77EFDCC921494BD0005F9CDD /* Main.storyboard in Resources */ = {isa = PBXBuildFile; fileRef = 77EFDCC721494BD0005F9CDD /* Main.storyboard */; };
		77EFDCCB21494BD1005F9CDD /* Assets.xcassets in Resources */ = {isa = PBXBuildFile; fileRef = 77EFDCCA21494BD1005F9CDD /* Assets.xcassets */; };
		77EFDCCE21494BD1005F9CDD /* LaunchScreen.storyboard in Resources */ = {isa = PBXBuildFile; fileRef = 77EFDCCC21494BD1005F9CDD /* LaunchScreen.storyboard */; };
		77EFDCE521495005005F9CDD /* ServerApiProtocol.swift in Sources */ = {isa = PBXBuildFile; fileRef = 77EFDCE421495005005F9CDD /* ServerApiProtocol.swift */; };
		77EFDCE7214950AF005F9CDD /* ServerApiService.swift in Sources */ = {isa = PBXBuildFile; fileRef = 77EFDCE6214950AF005F9CDD /* ServerApiService.swift */; };
		77EFDCE92149587C005F9CDD /* ServerApi.swift in Sources */ = {isa = PBXBuildFile; fileRef = 77EFDCE82149587C005F9CDD /* ServerApi.swift */; };
		77EFDCEB21496990005F9CDD /* StorageManager.swift in Sources */ = {isa = PBXBuildFile; fileRef = 77EFDCEA21496990005F9CDD /* StorageManager.swift */; };
		77EFDCEE21496DB9005F9CDD /* WAError.swift in Sources */ = {isa = PBXBuildFile; fileRef = 77EFDCED21496DB9005F9CDD /* WAError.swift */; };
		77EFDCF021497061005F9CDD /* Router.swift in Sources */ = {isa = PBXBuildFile; fileRef = 77EFDCEF21497061005F9CDD /* Router.swift */; };
		77EFDCF32149709E005F9CDD /* Routable.swift in Sources */ = {isa = PBXBuildFile; fileRef = 77EFDCF22149709E005F9CDD /* Routable.swift */; };
		77EFDCF5214970DA005F9CDD /* AppControllerType.swift in Sources */ = {isa = PBXBuildFile; fileRef = 77EFDCF4214970DA005F9CDD /* AppControllerType.swift */; };
		77EFDCF9214974D7005F9CDD /* LoginViewModel.swift in Sources */ = {isa = PBXBuildFile; fileRef = 77EFDCF8214974D7005F9CDD /* LoginViewModel.swift */; };
		77F1413F214ADCF500FAC36A /* BasketViewController.swift in Sources */ = {isa = PBXBuildFile; fileRef = 77F1413E214ADCF500FAC36A /* BasketViewController.swift */; };
		77F14141214ADD2100FAC36A /* BasketViewModel.swift in Sources */ = {isa = PBXBuildFile; fileRef = 77F14140214ADD2100FAC36A /* BasketViewModel.swift */; };
		77F14144214ADDA800FAC36A /* Product.swift in Sources */ = {isa = PBXBuildFile; fileRef = 77F14143214ADDA800FAC36A /* Product.swift */; };
		77F14146214AFB1900FAC36A /* BasketRouter.swift in Sources */ = {isa = PBXBuildFile; fileRef = 77F14145214AFB1900FAC36A /* BasketRouter.swift */; };
		77F14148214B01BC00FAC36A /* Decodable+Extensions.swift in Sources */ = {isa = PBXBuildFile; fileRef = 77F14147214B01BC00FAC36A /* Decodable+Extensions.swift */; };
		93254CC0A9F15A01D30D46DD /* Pods_WehkampApp.framework in Frameworks */ = {isa = PBXBuildFile; fileRef = CD5EE14CAA0221F5C1A3C364 /* Pods_WehkampApp.framework */; };
/* End PBXBuildFile section */

/* Begin PBXContainerItemProxy section */
		77EFDCD521494BD2005F9CDD /* PBXContainerItemProxy */ = {
			isa = PBXContainerItemProxy;
			containerPortal = 77EFDCB821494BD0005F9CDD /* Project object */;
			proxyType = 1;
			remoteGlobalIDString = 77EFDCBF21494BD0005F9CDD;
			remoteInfo = WehkampApp;
		};
/* End PBXContainerItemProxy section */

/* Begin PBXFileReference section */
		084C1F0989C031A80B5F9671 /* Pods-WehkampApp.release.xcconfig */ = {isa = PBXFileReference; includeInIndex = 1; lastKnownFileType = text.xcconfig; name = "Pods-WehkampApp.release.xcconfig"; path = "Pods/Target Support Files/Pods-WehkampApp/Pods-WehkampApp.release.xcconfig"; sourceTree = "<group>"; };
		2B0AE957DB81F2EF72A8932A /* Pods-WehkampApp.debug.xcconfig */ = {isa = PBXFileReference; includeInIndex = 1; lastKnownFileType = text.xcconfig; name = "Pods-WehkampApp.debug.xcconfig"; path = "Pods/Target Support Files/Pods-WehkampApp/Pods-WehkampApp.debug.xcconfig"; sourceTree = "<group>"; };
		4AD43D37AB214E74B148FAA1 /* Pods-WehkampAppTests.release.xcconfig */ = {isa = PBXFileReference; includeInIndex = 1; lastKnownFileType = text.xcconfig; name = "Pods-WehkampAppTests.release.xcconfig"; path = "Pods/Target Support Files/Pods-WehkampAppTests/Pods-WehkampAppTests.release.xcconfig"; sourceTree = "<group>"; };
		62BC0ECC5FF0DA5C40D450CC /* Pods_WehkampAppTests.framework */ = {isa = PBXFileReference; explicitFileType = wrapper.framework; includeInIndex = 0; path = Pods_WehkampAppTests.framework; sourceTree = BUILT_PRODUCTS_DIR; };
		77035273214D9F3300917CEF /* SearchItemViewModel.swift */ = {isa = PBXFileReference; lastKnownFileType = sourcecode.swift; path = SearchItemViewModel.swift; sourceTree = "<group>"; };
		771C54D02149B80A00B023C5 /* RxMoya+Extensions.swift */ = {isa = PBXFileReference; lastKnownFileType = sourcecode.swift; path = "RxMoya+Extensions.swift"; sourceTree = "<group>"; };
		771C54D22149BF1B00B023C5 /* UIViewController+Extensions.swift */ = {isa = PBXFileReference; lastKnownFileType = sourcecode.swift; path = "UIViewController+Extensions.swift"; sourceTree = "<group>"; };
		7785143C21499C9300A2B1D8 /* Token.swift */ = {isa = PBXFileReference; lastKnownFileType = sourcecode.swift; path = Token.swift; sourceTree = "<group>"; };
		7785143E21499D4A00A2B1D8 /* LoginRouter.swift */ = {isa = PBXFileReference; lastKnownFileType = sourcecode.swift; path = LoginRouter.swift; sourceTree = "<group>"; };
		779616C5214B0B780003C4B7 /* ProductCell.swift */ = {isa = PBXFileReference; lastKnownFileType = sourcecode.swift; path = ProductCell.swift; sourceTree = "<group>"; };
		779616C6214B0B780003C4B7 /* ProductCell.xib */ = {isa = PBXFileReference; lastKnownFileType = file.xib; path = ProductCell.xib; sourceTree = "<group>"; };
		7799C194214CE9520041D2BB /* Constants.swift */ = {isa = PBXFileReference; lastKnownFileType = sourcecode.swift; path = Constants.swift; sourceTree = "<group>"; };
		7799C197214CFC4A0041D2BB /* SearchViewModel.swift */ = {isa = PBXFileReference; lastKnownFileType = sourcecode.swift; path = SearchViewModel.swift; sourceTree = "<group>"; };
		7799C19A214CFC790041D2BB /* SearchItem.swift */ = {isa = PBXFileReference; lastKnownFileType = sourcecode.swift; path = SearchItem.swift; sourceTree = "<group>"; };
		7799C19C214D04270041D2BB /* SearchViewController.swift */ = {isa = PBXFileReference; lastKnownFileType = sourcecode.swift; path = SearchViewController.swift; sourceTree = "<group>"; };
		7799C19F214D04E10041D2BB /* SearchItemCell.swift */ = {isa = PBXFileReference; lastKnownFileType = sourcecode.swift; path = SearchItemCell.swift; sourceTree = "<group>"; };
		7799C1A0214D04E10041D2BB /* SearchItemCell.xib */ = {isa = PBXFileReference; lastKnownFileType = file.xib; path = SearchItemCell.xib; sourceTree = "<group>"; };
		77B7EA05214E6EAB00EE6717 /* ApiTests.swift */ = {isa = PBXFileReference; lastKnownFileType = sourcecode.swift; path = ApiTests.swift; sourceTree = "<group>"; };
		77B7EA07214EA1F100EE6717 /* SearchViewModelTests.swift */ = {isa = PBXFileReference; lastKnownFileType = sourcecode.swift; path = SearchViewModelTests.swift; sourceTree = "<group>"; };
		77B7EA09214EA69D00EE6717 /* SearchItemViewModelTests.swift */ = {isa = PBXFileReference; lastKnownFileType = sourcecode.swift; path = SearchItemViewModelTests.swift; sourceTree = "<group>"; };
		77B7EA0D214EB33100EE6717 /* BasketViewModelTests.swift */ = {isa = PBXFileReference; lastKnownFileType = sourcecode.swift; path = BasketViewModelTests.swift; sourceTree = "<group>"; };
		77B7EA0F214ECFF700EE6717 /* ProductViewModelTests.swift */ = {isa = PBXFileReference; lastKnownFileType = sourcecode.swift; path = ProductViewModelTests.swift; sourceTree = "<group>"; };
		77CD63C52149785400D396DA /* LoginViewController.swift */ = {isa = PBXFileReference; lastKnownFileType = sourcecode.swift; path = LoginViewController.swift; sourceTree = "<group>"; };
		77CD63CA2149851000D396DA /* PaddedTextField.swift */ = {isa = PBXFileReference; lastKnownFileType = sourcecode.swift; path = PaddedTextField.swift; sourceTree = "<group>"; };
		77E5DB54214C066D0011F938 /* ProductViewModel.swift */ = {isa = PBXFileReference; lastKnownFileType = sourcecode.swift; path = ProductViewModel.swift; sourceTree = "<group>"; };
		77E5DB56214C1CC00011F938 /* UIColor+Extensions.swift */ = {isa = PBXFileReference; lastKnownFileType = sourcecode.swift; path = "UIColor+Extensions.swift"; sourceTree = "<group>"; };
		77E5DB58214C1E520011F938 /* UIView+Extensions.swift */ = {isa = PBXFileReference; lastKnownFileType = sourcecode.swift; path = "UIView+Extensions.swift"; sourceTree = "<group>"; };
		77EFDCC021494BD0005F9CDD /* WehkampApp.app */ = {isa = PBXFileReference; explicitFileType = wrapper.application; includeInIndex = 0; path = WehkampApp.app; sourceTree = BUILT_PRODUCTS_DIR; };
		77EFDCC321494BD0005F9CDD /* AppDelegate.swift */ = {isa = PBXFileReference; lastKnownFileType = sourcecode.swift; path = AppDelegate.swift; sourceTree = "<group>"; };
		77EFDCC821494BD0005F9CDD /* Base */ = {isa = PBXFileReference; lastKnownFileType = file.storyboard; name = Base; path = Base.lproj/Main.storyboard; sourceTree = "<group>"; };
		77EFDCCA21494BD1005F9CDD /* Assets.xcassets */ = {isa = PBXFileReference; lastKnownFileType = folder.assetcatalog; path = Assets.xcassets; sourceTree = "<group>"; };
		77EFDCCD21494BD1005F9CDD /* Base */ = {isa = PBXFileReference; lastKnownFileType = file.storyboard; name = Base; path = Base.lproj/LaunchScreen.storyboard; sourceTree = "<group>"; };
		77EFDCCF21494BD1005F9CDD /* Info.plist */ = {isa = PBXFileReference; lastKnownFileType = text.plist.xml; path = Info.plist; sourceTree = "<group>"; };
		77EFDCD421494BD2005F9CDD /* WehkampAppTests.xctest */ = {isa = PBXFileReference; explicitFileType = wrapper.cfbundle; includeInIndex = 0; path = WehkampAppTests.xctest; sourceTree = BUILT_PRODUCTS_DIR; };
		77EFDCDA21494BD2005F9CDD /* Info.plist */ = {isa = PBXFileReference; lastKnownFileType = text.plist.xml; path = Info.plist; sourceTree = "<group>"; };
		77EFDCE421495005005F9CDD /* ServerApiProtocol.swift */ = {isa = PBXFileReference; lastKnownFileType = sourcecode.swift; path = ServerApiProtocol.swift; sourceTree = "<group>"; };
		77EFDCE6214950AF005F9CDD /* ServerApiService.swift */ = {isa = PBXFileReference; lastKnownFileType = sourcecode.swift; path = ServerApiService.swift; sourceTree = "<group>"; };
		77EFDCE82149587C005F9CDD /* ServerApi.swift */ = {isa = PBXFileReference; lastKnownFileType = sourcecode.swift; path = ServerApi.swift; sourceTree = "<group>"; };
		77EFDCEA21496990005F9CDD /* StorageManager.swift */ = {isa = PBXFileReference; lastKnownFileType = sourcecode.swift; path = StorageManager.swift; sourceTree = "<group>"; };
		77EFDCED21496DB9005F9CDD /* WAError.swift */ = {isa = PBXFileReference; lastKnownFileType = sourcecode.swift; path = WAError.swift; sourceTree = "<group>"; };
		77EFDCEF21497061005F9CDD /* Router.swift */ = {isa = PBXFileReference; lastKnownFileType = sourcecode.swift; path = Router.swift; sourceTree = "<group>"; };
		77EFDCF22149709E005F9CDD /* Routable.swift */ = {isa = PBXFileReference; lastKnownFileType = sourcecode.swift; path = Routable.swift; sourceTree = "<group>"; };
		77EFDCF4214970DA005F9CDD /* AppControllerType.swift */ = {isa = PBXFileReference; lastKnownFileType = sourcecode.swift; path = AppControllerType.swift; sourceTree = "<group>"; };
		77EFDCF8214974D7005F9CDD /* LoginViewModel.swift */ = {isa = PBXFileReference; lastKnownFileType = sourcecode.swift; path = LoginViewModel.swift; sourceTree = "<group>"; };
		77F1413E214ADCF500FAC36A /* BasketViewController.swift */ = {isa = PBXFileReference; lastKnownFileType = sourcecode.swift; path = BasketViewController.swift; sourceTree = "<group>"; };
		77F14140214ADD2100FAC36A /* BasketViewModel.swift */ = {isa = PBXFileReference; lastKnownFileType = sourcecode.swift; path = BasketViewModel.swift; sourceTree = "<group>"; };
		77F14143214ADDA800FAC36A /* Product.swift */ = {isa = PBXFileReference; lastKnownFileType = sourcecode.swift; path = Product.swift; sourceTree = "<group>"; };
		77F14145214AFB1900FAC36A /* BasketRouter.swift */ = {isa = PBXFileReference; lastKnownFileType = sourcecode.swift; path = BasketRouter.swift; sourceTree = "<group>"; };
		77F14147214B01BC00FAC36A /* Decodable+Extensions.swift */ = {isa = PBXFileReference; lastKnownFileType = sourcecode.swift; path = "Decodable+Extensions.swift"; sourceTree = "<group>"; };
		CD5EE14CAA0221F5C1A3C364 /* Pods_WehkampApp.framework */ = {isa = PBXFileReference; explicitFileType = wrapper.framework; includeInIndex = 0; path = Pods_WehkampApp.framework; sourceTree = BUILT_PRODUCTS_DIR; };
		F6232952436EDE58C14921EB /* Pods-WehkampAppTests.debug.xcconfig */ = {isa = PBXFileReference; includeInIndex = 1; lastKnownFileType = text.xcconfig; name = "Pods-WehkampAppTests.debug.xcconfig"; path = "Pods/Target Support Files/Pods-WehkampAppTests/Pods-WehkampAppTests.debug.xcconfig"; sourceTree = "<group>"; };
/* End PBXFileReference section */

/* Begin PBXFrameworksBuildPhase section */
		77EFDCBD21494BD0005F9CDD /* Frameworks */ = {
			isa = PBXFrameworksBuildPhase;
			buildActionMask = 2147483647;
			files = (
				93254CC0A9F15A01D30D46DD /* Pods_WehkampApp.framework in Frameworks */,
			);
			runOnlyForDeploymentPostprocessing = 0;
		};
		77EFDCD121494BD2005F9CDD /* Frameworks */ = {
			isa = PBXFrameworksBuildPhase;
			buildActionMask = 2147483647;
			files = (
				510D356D726D585ABBD112C6 /* Pods_WehkampAppTests.framework in Frameworks */,
			);
			runOnlyForDeploymentPostprocessing = 0;
		};
/* End PBXFrameworksBuildPhase section */

/* Begin PBXGroup section */
		27FF9FACFA9C1BF93DFFD531 /* Pods */ = {
			isa = PBXGroup;
			children = (
				2B0AE957DB81F2EF72A8932A /* Pods-WehkampApp.debug.xcconfig */,
				084C1F0989C031A80B5F9671 /* Pods-WehkampApp.release.xcconfig */,
				F6232952436EDE58C14921EB /* Pods-WehkampAppTests.debug.xcconfig */,
				4AD43D37AB214E74B148FAA1 /* Pods-WehkampAppTests.release.xcconfig */,
			);
			name = Pods;
			sourceTree = "<group>";
		};
		771C54CF2149B7F200B023C5 /* Extensions */ = {
			isa = PBXGroup;
			children = (
				771C54D02149B80A00B023C5 /* RxMoya+Extensions.swift */,
				771C54D22149BF1B00B023C5 /* UIViewController+Extensions.swift */,
				77F14147214B01BC00FAC36A /* Decodable+Extensions.swift */,
				77E5DB56214C1CC00011F938 /* UIColor+Extensions.swift */,
				77E5DB58214C1E520011F938 /* UIView+Extensions.swift */,
			);
			path = Extensions;
			sourceTree = "<group>";
		};
		7785143B21499C7B00A2B1D8 /* Models */ = {
			isa = PBXGroup;
			children = (
				7785143C21499C9300A2B1D8 /* Token.swift */,
			);
			path = Models;
			sourceTree = "<group>";
		};
		779616C4214B0B550003C4B7 /* Views */ = {
			isa = PBXGroup;
			children = (
				77F1413E214ADCF500FAC36A /* BasketViewController.swift */,
				779616C5214B0B780003C4B7 /* ProductCell.swift */,
				779616C6214B0B780003C4B7 /* ProductCell.xib */,
			);
			path = Views;
			sourceTree = "<group>";
		};
		7799C196214CFC340041D2BB /* Search */ = {
			isa = PBXGroup;
			children = (
				7799C19E214D04AB0041D2BB /* Views */,
				7799C199214CFC6A0041D2BB /* Models */,
				7799C197214CFC4A0041D2BB /* SearchViewModel.swift */,
				77035273214D9F3300917CEF /* SearchItemViewModel.swift */,
			);
			path = Search;
			sourceTree = "<group>";
		};
		7799C199214CFC6A0041D2BB /* Models */ = {
			isa = PBXGroup;
			children = (
				7799C19A214CFC790041D2BB /* SearchItem.swift */,
			);
			path = Models;
			sourceTree = "<group>";
		};
		7799C19E214D04AB0041D2BB /* Views */ = {
			isa = PBXGroup;
			children = (
				7799C19C214D04270041D2BB /* SearchViewController.swift */,
				7799C19F214D04E10041D2BB /* SearchItemCell.swift */,
				7799C1A0214D04E10041D2BB /* SearchItemCell.xib */,
			);
			path = Views;
			sourceTree = "<group>";
		};
		77CD63CC2149851700D396DA /* Views */ = {
			isa = PBXGroup;
			children = (
				77CD63C52149785400D396DA /* LoginViewController.swift */,
				77CD63CA2149851000D396DA /* PaddedTextField.swift */,
			);
			path = Views;
			sourceTree = "<group>";
		};
		77EFDCB721494BD0005F9CDD = {
			isa = PBXGroup;
			children = (
				771C54CF2149B7F200B023C5 /* Extensions */,
				77EFDCC221494BD0005F9CDD /* WehkampApp */,
				77EFDCD721494BD2005F9CDD /* WehkampAppTests */,
				77EFDCC121494BD0005F9CDD /* Products */,
				27FF9FACFA9C1BF93DFFD531 /* Pods */,
				D9261FA9E7D296E15DAB3683 /* Frameworks */,
			);
			sourceTree = "<group>";
		};
		77EFDCC121494BD0005F9CDD /* Products */ = {
			isa = PBXGroup;
			children = (
				77EFDCC021494BD0005F9CDD /* WehkampApp.app */,
				77EFDCD421494BD2005F9CDD /* WehkampAppTests.xctest */,
			);
			name = Products;
			sourceTree = "<group>";
		};
		77EFDCC221494BD0005F9CDD /* WehkampApp */ = {
			isa = PBXGroup;
			children = (
				77EFDCF721497449005F9CDD /* Modules */,
				77EFDCF121497085005F9CDD /* Router */,
				77EFDCEC21496998005F9CDD /* Managers */,
				77EFDCE321494FE3005F9CDD /* Network */,
				77EFDCC321494BD0005F9CDD /* AppDelegate.swift */,
				7799C194214CE9520041D2BB /* Constants.swift */,
				77EFDCC721494BD0005F9CDD /* Main.storyboard */,
				77EFDCCA21494BD1005F9CDD /* Assets.xcassets */,
				77EFDCCC21494BD1005F9CDD /* LaunchScreen.storyboard */,
				77EFDCCF21494BD1005F9CDD /* Info.plist */,
			);
			path = WehkampApp;
			sourceTree = "<group>";
		};
		77EFDCD721494BD2005F9CDD /* WehkampAppTests */ = {
			isa = PBXGroup;
			children = (
				77B7EA05214E6EAB00EE6717 /* ApiTests.swift */,
				77B7EA07214EA1F100EE6717 /* SearchViewModelTests.swift */,
				77B7EA09214EA69D00EE6717 /* SearchItemViewModelTests.swift */,
				77B7EA0D214EB33100EE6717 /* BasketViewModelTests.swift */,
				77B7EA0F214ECFF700EE6717 /* ProductViewModelTests.swift */,
				77EFDCDA21494BD2005F9CDD /* Info.plist */,
			);
			path = WehkampAppTests;
			sourceTree = "<group>";
		};
		77EFDCE321494FE3005F9CDD /* Network */ = {
			isa = PBXGroup;
			children = (
				77EFDCE421495005005F9CDD /* ServerApiProtocol.swift */,
				77EFDCE6214950AF005F9CDD /* ServerApiService.swift */,
				77EFDCE82149587C005F9CDD /* ServerApi.swift */,
				77EFDCED21496DB9005F9CDD /* WAError.swift */,
			);
			path = Network;
			sourceTree = "<group>";
		};
		77EFDCEC21496998005F9CDD /* Managers */ = {
			isa = PBXGroup;
			children = (
				77EFDCEA21496990005F9CDD /* StorageManager.swift */,
			);
			path = Managers;
			sourceTree = "<group>";
		};
		77EFDCF121497085005F9CDD /* Router */ = {
			isa = PBXGroup;
			children = (
				77EFDCEF21497061005F9CDD /* Router.swift */,
				77EFDCF22149709E005F9CDD /* Routable.swift */,
				77EFDCF4214970DA005F9CDD /* AppControllerType.swift */,
			);
			path = Router;
			sourceTree = "<group>";
		};
		77EFDCF621497441005F9CDD /* Login */ = {
			isa = PBXGroup;
			children = (
				7785143B21499C7B00A2B1D8 /* Models */,
				77CD63CC2149851700D396DA /* Views */,
				77EFDCF8214974D7005F9CDD /* LoginViewModel.swift */,
				7785143E21499D4A00A2B1D8 /* LoginRouter.swift */,
			);
			path = Login;
			sourceTree = "<group>";
		};
		77EFDCF721497449005F9CDD /* Modules */ = {
			isa = PBXGroup;
			children = (
				7799C196214CFC340041D2BB /* Search */,
				77F1413D214ADCBD00FAC36A /* Basket */,
				77EFDCF621497441005F9CDD /* Login */,
			);
			path = Modules;
			sourceTree = "<group>";
		};
		77F1413D214ADCBD00FAC36A /* Basket */ = {
			isa = PBXGroup;
			children = (
				779616C4214B0B550003C4B7 /* Views */,
				77F14142214ADD9900FAC36A /* Models */,
				77F14140214ADD2100FAC36A /* BasketViewModel.swift */,
				77F14145214AFB1900FAC36A /* BasketRouter.swift */,
				77E5DB54214C066D0011F938 /* ProductViewModel.swift */,
			);
			path = Basket;
			sourceTree = "<group>";
		};
		77F14142214ADD9900FAC36A /* Models */ = {
			isa = PBXGroup;
			children = (
				77F14143214ADDA800FAC36A /* Product.swift */,
			);
			path = Models;
			sourceTree = "<group>";
		};
		D9261FA9E7D296E15DAB3683 /* Frameworks */ = {
			isa = PBXGroup;
			children = (
				CD5EE14CAA0221F5C1A3C364 /* Pods_WehkampApp.framework */,
				62BC0ECC5FF0DA5C40D450CC /* Pods_WehkampAppTests.framework */,
			);
			name = Frameworks;
			sourceTree = "<group>";
		};
/* End PBXGroup section */

/* Begin PBXNativeTarget section */
		77EFDCBF21494BD0005F9CDD /* WehkampApp */ = {
			isa = PBXNativeTarget;
			buildConfigurationList = 77EFDCDD21494BD2005F9CDD /* Build configuration list for PBXNativeTarget "WehkampApp" */;
			buildPhases = (
				098DCC9D6A2B7F2B7BCDBEE9 /* [CP] Check Pods Manifest.lock */,
				77EFDCBC21494BD0005F9CDD /* Sources */,
				77EFDCBD21494BD0005F9CDD /* Frameworks */,
				77EFDCBE21494BD0005F9CDD /* Resources */,
				32681CB74A10BFAA3461DCBD /* [CP] Embed Pods Frameworks */,
			);
			buildRules = (
			);
			dependencies = (
			);
			name = WehkampApp;
			productName = WehkampApp;
			productReference = 77EFDCC021494BD0005F9CDD /* WehkampApp.app */;
			productType = "com.apple.product-type.application";
		};
		77EFDCD321494BD2005F9CDD /* WehkampAppTests */ = {
			isa = PBXNativeTarget;
			buildConfigurationList = 77EFDCE021494BD2005F9CDD /* Build configuration list for PBXNativeTarget "WehkampAppTests" */;
			buildPhases = (
				FB6F81B227D6E543C8A10528 /* [CP] Check Pods Manifest.lock */,
				77EFDCD021494BD2005F9CDD /* Sources */,
				77EFDCD121494BD2005F9CDD /* Frameworks */,
				77EFDCD221494BD2005F9CDD /* Resources */,
				5B0C03CF46F65115E0CBE066 /* [CP] Embed Pods Frameworks */,
			);
			buildRules = (
			);
			dependencies = (
				77EFDCD621494BD2005F9CDD /* PBXTargetDependency */,
			);
			name = WehkampAppTests;
			productName = WehkampAppTests;
			productReference = 77EFDCD421494BD2005F9CDD /* WehkampAppTests.xctest */;
			productType = "com.apple.product-type.bundle.unit-test";
		};
/* End PBXNativeTarget section */

/* Begin PBXProject section */
		77EFDCB821494BD0005F9CDD /* Project object */ = {
			isa = PBXProject;
			attributes = {
				LastSwiftUpdateCheck = 0940;
				LastUpgradeCheck = 0940;
				ORGANIZATIONNAME = "Vladimir Kokhanevich";
				TargetAttributes = {
					77EFDCBF21494BD0005F9CDD = {
						CreatedOnToolsVersion = 9.4.1;
					};
					77EFDCD321494BD2005F9CDD = {
						CreatedOnToolsVersion = 9.4.1;
						TestTargetID = 77EFDCBF21494BD0005F9CDD;
					};
				};
			};
			buildConfigurationList = 77EFDCBB21494BD0005F9CDD /* Build configuration list for PBXProject "WehkampApp" */;
			compatibilityVersion = "Xcode 9.3";
			developmentRegion = en;
			hasScannedForEncodings = 0;
			knownRegions = (
				en,
				Base,
			);
			mainGroup = 77EFDCB721494BD0005F9CDD;
			productRefGroup = 77EFDCC121494BD0005F9CDD /* Products */;
			projectDirPath = "";
			projectRoot = "";
			targets = (
				77EFDCBF21494BD0005F9CDD /* WehkampApp */,
				77EFDCD321494BD2005F9CDD /* WehkampAppTests */,
			);
		};
/* End PBXProject section */

/* Begin PBXResourcesBuildPhase section */
		77EFDCBE21494BD0005F9CDD /* Resources */ = {
			isa = PBXResourcesBuildPhase;
			buildActionMask = 2147483647;
			files = (
				77EFDCCE21494BD1005F9CDD /* LaunchScreen.storyboard in Resources */,
				779616C8214B0B780003C4B7 /* ProductCell.xib in Resources */,
				77EFDCCB21494BD1005F9CDD /* Assets.xcassets in Resources */,
				7799C1A2214D04E10041D2BB /* SearchItemCell.xib in Resources */,
				77EFDCC921494BD0005F9CDD /* Main.storyboard in Resources */,
			);
			runOnlyForDeploymentPostprocessing = 0;
		};
		77EFDCD221494BD2005F9CDD /* Resources */ = {
			isa = PBXResourcesBuildPhase;
			buildActionMask = 2147483647;
			files = (
			);
			runOnlyForDeploymentPostprocessing = 0;
		};
/* End PBXResourcesBuildPhase section */

/* Begin PBXShellScriptBuildPhase section */
		098DCC9D6A2B7F2B7BCDBEE9 /* [CP] Check Pods Manifest.lock */ = {
			isa = PBXShellScriptBuildPhase;
			buildActionMask = 2147483647;
			files = (
			);
			inputPaths = (
				"${PODS_PODFILE_DIR_PATH}/Podfile.lock",
				"${PODS_ROOT}/Manifest.lock",
			);
			name = "[CP] Check Pods Manifest.lock";
			outputPaths = (
				"$(DERIVED_FILE_DIR)/Pods-WehkampApp-checkManifestLockResult.txt",
			);
			runOnlyForDeploymentPostprocessing = 0;
			shellPath = /bin/sh;
			shellScript = "diff \"${PODS_PODFILE_DIR_PATH}/Podfile.lock\" \"${PODS_ROOT}/Manifest.lock\" > /dev/null\nif [ $? != 0 ] ; then\n    # print error to STDERR\n    echo \"error: The sandbox is not in sync with the Podfile.lock. Run 'pod install' or update your CocoaPods installation.\" >&2\n    exit 1\nfi\n# This output is used by Xcode 'outputs' to avoid re-running this script phase.\necho \"SUCCESS\" > \"${SCRIPT_OUTPUT_FILE_0}\"\n";
			showEnvVarsInLog = 0;
		};
		32681CB74A10BFAA3461DCBD /* [CP] Embed Pods Frameworks */ = {
			isa = PBXShellScriptBuildPhase;
			buildActionMask = 2147483647;
			files = (
			);
			inputPaths = (
				"${SRCROOT}/Pods/Target Support Files/Pods-WehkampApp/Pods-WehkampApp-frameworks.sh",
				"${BUILT_PRODUCTS_DIR}/Alamofire/Alamofire.framework",
				"${BUILT_PRODUCTS_DIR}/AlamofireImage/AlamofireImage.framework",
				"${BUILT_PRODUCTS_DIR}/KeychainAccess/KeychainAccess.framework",
				"${BUILT_PRODUCTS_DIR}/Moya/Moya.framework",
				"${BUILT_PRODUCTS_DIR}/Result/Result.framework",
				"${BUILT_PRODUCTS_DIR}/RxCocoa/RxCocoa.framework",
				"${BUILT_PRODUCTS_DIR}/RxSwift/RxSwift.framework",
				"${BUILT_PRODUCTS_DIR}/Swinject/Swinject.framework",
			);
			name = "[CP] Embed Pods Frameworks";
			outputPaths = (
				"${TARGET_BUILD_DIR}/${FRAMEWORKS_FOLDER_PATH}/Alamofire.framework",
				"${TARGET_BUILD_DIR}/${FRAMEWORKS_FOLDER_PATH}/AlamofireImage.framework",
				"${TARGET_BUILD_DIR}/${FRAMEWORKS_FOLDER_PATH}/KeychainAccess.framework",
				"${TARGET_BUILD_DIR}/${FRAMEWORKS_FOLDER_PATH}/Moya.framework",
				"${TARGET_BUILD_DIR}/${FRAMEWORKS_FOLDER_PATH}/Result.framework",
				"${TARGET_BUILD_DIR}/${FRAMEWORKS_FOLDER_PATH}/RxCocoa.framework",
				"${TARGET_BUILD_DIR}/${FRAMEWORKS_FOLDER_PATH}/RxSwift.framework",
				"${TARGET_BUILD_DIR}/${FRAMEWORKS_FOLDER_PATH}/Swinject.framework",
			);
			runOnlyForDeploymentPostprocessing = 0;
			shellPath = /bin/sh;
			shellScript = "\"${SRCROOT}/Pods/Target Support Files/Pods-WehkampApp/Pods-WehkampApp-frameworks.sh\"\n";
			showEnvVarsInLog = 0;
		};
		5B0C03CF46F65115E0CBE066 /* [CP] Embed Pods Frameworks */ = {
			isa = PBXShellScriptBuildPhase;
			buildActionMask = 2147483647;
			files = (
			);
			inputPaths = (
				"${SRCROOT}/Pods/Target Support Files/Pods-WehkampAppTests/Pods-WehkampAppTests-frameworks.sh",
				"${BUILT_PRODUCTS_DIR}/Alamofire/Alamofire.framework",
				"${BUILT_PRODUCTS_DIR}/Moya/Moya.framework",
				"${BUILT_PRODUCTS_DIR}/Result/Result.framework",
				"${BUILT_PRODUCTS_DIR}/RxCocoa/RxCocoa.framework",
				"${BUILT_PRODUCTS_DIR}/RxSwift/RxSwift.framework",
				"${BUILT_PRODUCTS_DIR}/RxBlocking/RxBlocking.framework",
				"${BUILT_PRODUCTS_DIR}/RxTest/RxTest.framework",
			);
			name = "[CP] Embed Pods Frameworks";
			outputPaths = (
				"${TARGET_BUILD_DIR}/${FRAMEWORKS_FOLDER_PATH}/Alamofire.framework",
				"${TARGET_BUILD_DIR}/${FRAMEWORKS_FOLDER_PATH}/Moya.framework",
				"${TARGET_BUILD_DIR}/${FRAMEWORKS_FOLDER_PATH}/Result.framework",
				"${TARGET_BUILD_DIR}/${FRAMEWORKS_FOLDER_PATH}/RxCocoa.framework",
				"${TARGET_BUILD_DIR}/${FRAMEWORKS_FOLDER_PATH}/RxSwift.framework",
				"${TARGET_BUILD_DIR}/${FRAMEWORKS_FOLDER_PATH}/RxBlocking.framework",
				"${TARGET_BUILD_DIR}/${FRAMEWORKS_FOLDER_PATH}/RxTest.framework",
			);
			runOnlyForDeploymentPostprocessing = 0;
			shellPath = /bin/sh;
			shellScript = "\"${SRCROOT}/Pods/Target Support Files/Pods-WehkampAppTests/Pods-WehkampAppTests-frameworks.sh\"\n";
			showEnvVarsInLog = 0;
		};
		FB6F81B227D6E543C8A10528 /* [CP] Check Pods Manifest.lock */ = {
			isa = PBXShellScriptBuildPhase;
			buildActionMask = 2147483647;
			files = (
			);
			inputPaths = (
				"${PODS_PODFILE_DIR_PATH}/Podfile.lock",
				"${PODS_ROOT}/Manifest.lock",
			);
			name = "[CP] Check Pods Manifest.lock";
			outputPaths = (
				"$(DERIVED_FILE_DIR)/Pods-WehkampAppTests-checkManifestLockResult.txt",
			);
			runOnlyForDeploymentPostprocessing = 0;
			shellPath = /bin/sh;
			shellScript = "diff \"${PODS_PODFILE_DIR_PATH}/Podfile.lock\" \"${PODS_ROOT}/Manifest.lock\" > /dev/null\nif [ $? != 0 ] ; then\n    # print error to STDERR\n    echo \"error: The sandbox is not in sync with the Podfile.lock. Run 'pod install' or update your CocoaPods installation.\" >&2\n    exit 1\nfi\n# This output is used by Xcode 'outputs' to avoid re-running this script phase.\necho \"SUCCESS\" > \"${SCRIPT_OUTPUT_FILE_0}\"\n";
			showEnvVarsInLog = 0;
		};
/* End PBXShellScriptBuildPhase section */

/* Begin PBXSourcesBuildPhase section */
		77EFDCBC21494BD0005F9CDD /* Sources */ = {
			isa = PBXSourcesBuildPhase;
			buildActionMask = 2147483647;
			files = (
				7799C1A1214D04E10041D2BB /* SearchItemCell.swift in Sources */,
				77E5DB55214C066D0011F938 /* ProductViewModel.swift in Sources */,
				77F1413F214ADCF500FAC36A /* BasketViewController.swift in Sources */,
				77E5DB59214C1E520011F938 /* UIView+Extensions.swift in Sources */,
				779616C7214B0B780003C4B7 /* ProductCell.swift in Sources */,
				77CD63C62149785400D396DA /* LoginViewController.swift in Sources */,
				77EFDCF021497061005F9CDD /* Router.swift in Sources */,
				77EFDCF9214974D7005F9CDD /* LoginViewModel.swift in Sources */,
				7799C195214CE9520041D2BB /* Constants.swift in Sources */,
				77F14148214B01BC00FAC36A /* Decodable+Extensions.swift in Sources */,
				77F14141214ADD2100FAC36A /* BasketViewModel.swift in Sources */,
				77F14144214ADDA800FAC36A /* Product.swift in Sources */,
				77CD63CB2149851000D396DA /* PaddedTextField.swift in Sources */,
				7799C19B214CFC790041D2BB /* SearchItem.swift in Sources */,
				77035274214D9F3300917CEF /* SearchItemViewModel.swift in Sources */,
				77EFDCE521495005005F9CDD /* ServerApiProtocol.swift in Sources */,
				77EFDCE92149587C005F9CDD /* ServerApi.swift in Sources */,
				77EFDCEE21496DB9005F9CDD /* WAError.swift in Sources */,
				77EFDCEB21496990005F9CDD /* StorageManager.swift in Sources */,
				77EFDCC421494BD0005F9CDD /* AppDelegate.swift in Sources */,
				77EFDCF5214970DA005F9CDD /* AppControllerType.swift in Sources */,
				77EFDCF32149709E005F9CDD /* Routable.swift in Sources */,
				7785143D21499C9300A2B1D8 /* Token.swift in Sources */,
				771C54D32149BF1B00B023C5 /* UIViewController+Extensions.swift in Sources */,
				77E5DB57214C1CC00011F938 /* UIColor+Extensions.swift in Sources */,
				77F14146214AFB1900FAC36A /* BasketRouter.swift in Sources */,
				7785143F21499D4A00A2B1D8 /* LoginRouter.swift in Sources */,
				7799C198214CFC4A0041D2BB /* SearchViewModel.swift in Sources */,
				77EFDCE7214950AF005F9CDD /* ServerApiService.swift in Sources */,
				771C54D12149B80A00B023C5 /* RxMoya+Extensions.swift in Sources */,
				7799C19D214D04270041D2BB /* SearchViewController.swift in Sources */,
			);
			runOnlyForDeploymentPostprocessing = 0;
		};
		77EFDCD021494BD2005F9CDD /* Sources */ = {
			isa = PBXSourcesBuildPhase;
			buildActionMask = 2147483647;
			files = (
				77B7EA0A214EA69D00EE6717 /* SearchItemViewModelTests.swift in Sources */,
				77B7EA10214ECFF700EE6717 /* ProductViewModelTests.swift in Sources */,
				77B7EA06214E6EAB00EE6717 /* ApiTests.swift in Sources */,
				77B7EA0E214EB33100EE6717 /* BasketViewModelTests.swift in Sources */,
				77B7EA08214EA1F100EE6717 /* SearchViewModelTests.swift in Sources */,
			);
			runOnlyForDeploymentPostprocessing = 0;
		};
/* End PBXSourcesBuildPhase section */

/* Begin PBXTargetDependency section */
		77EFDCD621494BD2005F9CDD /* PBXTargetDependency */ = {
			isa = PBXTargetDependency;
			target = 77EFDCBF21494BD0005F9CDD /* WehkampApp */;
			targetProxy = 77EFDCD521494BD2005F9CDD /* PBXContainerItemProxy */;
		};
/* End PBXTargetDependency section */

/* Begin PBXVariantGroup section */
		77EFDCC721494BD0005F9CDD /* Main.storyboard */ = {
			isa = PBXVariantGroup;
			children = (
				77EFDCC821494BD0005F9CDD /* Base */,
			);
			name = Main.storyboard;
			sourceTree = "<group>";
		};
		77EFDCCC21494BD1005F9CDD /* LaunchScreen.storyboard */ = {
			isa = PBXVariantGroup;
			children = (
				77EFDCCD21494BD1005F9CDD /* Base */,
			);
			name = LaunchScreen.storyboard;
			sourceTree = "<group>";
		};
/* End PBXVariantGroup section */

/* Begin XCBuildConfiguration section */
		77EFDCDB21494BD2005F9CDD /* Debug */ = {
			isa = XCBuildConfiguration;
			buildSettings = {
				ALWAYS_SEARCH_USER_PATHS = NO;
				CLANG_ANALYZER_NONNULL = YES;
				CLANG_ANALYZER_NUMBER_OBJECT_CONVERSION = YES_AGGRESSIVE;
				CLANG_CXX_LANGUAGE_STANDARD = "gnu++14";
				CLANG_CXX_LIBRARY = "libc++";
				CLANG_ENABLE_MODULES = YES;
				CLANG_ENABLE_OBJC_ARC = YES;
				CLANG_ENABLE_OBJC_WEAK = YES;
				CLANG_WARN_BLOCK_CAPTURE_AUTORELEASING = YES;
				CLANG_WARN_BOOL_CONVERSION = YES;
				CLANG_WARN_COMMA = YES;
				CLANG_WARN_CONSTANT_CONVERSION = YES;
				CLANG_WARN_DEPRECATED_OBJC_IMPLEMENTATIONS = YES;
				CLANG_WARN_DIRECT_OBJC_ISA_USAGE = YES_ERROR;
				CLANG_WARN_DOCUMENTATION_COMMENTS = YES;
				CLANG_WARN_EMPTY_BODY = YES;
				CLANG_WARN_ENUM_CONVERSION = YES;
				CLANG_WARN_INFINITE_RECURSION = YES;
				CLANG_WARN_INT_CONVERSION = YES;
				CLANG_WARN_NON_LITERAL_NULL_CONVERSION = YES;
				CLANG_WARN_OBJC_IMPLICIT_RETAIN_SELF = YES;
				CLANG_WARN_OBJC_LITERAL_CONVERSION = YES;
				CLANG_WARN_OBJC_ROOT_CLASS = YES_ERROR;
				CLANG_WARN_RANGE_LOOP_ANALYSIS = YES;
				CLANG_WARN_STRICT_PROTOTYPES = YES;
				CLANG_WARN_SUSPICIOUS_MOVE = YES;
				CLANG_WARN_UNGUARDED_AVAILABILITY = YES_AGGRESSIVE;
				CLANG_WARN_UNREACHABLE_CODE = YES;
				CLANG_WARN__DUPLICATE_METHOD_MATCH = YES;
				CODE_SIGN_IDENTITY = "iPhone Developer";
				COPY_PHASE_STRIP = NO;
				DEBUG_INFORMATION_FORMAT = dwarf;
				ENABLE_STRICT_OBJC_MSGSEND = YES;
				ENABLE_TESTABILITY = YES;
				GCC_C_LANGUAGE_STANDARD = gnu11;
				GCC_DYNAMIC_NO_PIC = NO;
				GCC_NO_COMMON_BLOCKS = YES;
				GCC_OPTIMIZATION_LEVEL = 0;
				GCC_PREPROCESSOR_DEFINITIONS = (
					"DEBUG=1",
					"$(inherited)",
				);
				GCC_WARN_64_TO_32_BIT_CONVERSION = YES;
				GCC_WARN_ABOUT_RETURN_TYPE = YES_ERROR;
				GCC_WARN_UNDECLARED_SELECTOR = YES;
				GCC_WARN_UNINITIALIZED_AUTOS = YES_AGGRESSIVE;
				GCC_WARN_UNUSED_FUNCTION = YES;
				GCC_WARN_UNUSED_VARIABLE = YES;
				IPHONEOS_DEPLOYMENT_TARGET = 11.4;
				MTL_ENABLE_DEBUG_INFO = YES;
				ONLY_ACTIVE_ARCH = YES;
				SDKROOT = iphoneos;
				SWIFT_ACTIVE_COMPILATION_CONDITIONS = DEBUG;
				SWIFT_OPTIMIZATION_LEVEL = "-Onone";
			};
			name = Debug;
		};
		77EFDCDC21494BD2005F9CDD /* Release */ = {
			isa = XCBuildConfiguration;
			buildSettings = {
				ALWAYS_SEARCH_USER_PATHS = NO;
				CLANG_ANALYZER_NONNULL = YES;
				CLANG_ANALYZER_NUMBER_OBJECT_CONVERSION = YES_AGGRESSIVE;
				CLANG_CXX_LANGUAGE_STANDARD = "gnu++14";
				CLANG_CXX_LIBRARY = "libc++";
				CLANG_ENABLE_MODULES = YES;
				CLANG_ENABLE_OBJC_ARC = YES;
				CLANG_ENABLE_OBJC_WEAK = YES;
				CLANG_WARN_BLOCK_CAPTURE_AUTORELEASING = YES;
				CLANG_WARN_BOOL_CONVERSION = YES;
				CLANG_WARN_COMMA = YES;
				CLANG_WARN_CONSTANT_CONVERSION = YES;
				CLANG_WARN_DEPRECATED_OBJC_IMPLEMENTATIONS = YES;
				CLANG_WARN_DIRECT_OBJC_ISA_USAGE = YES_ERROR;
				CLANG_WARN_DOCUMENTATION_COMMENTS = YES;
				CLANG_WARN_EMPTY_BODY = YES;
				CLANG_WARN_ENUM_CONVERSION = YES;
				CLANG_WARN_INFINITE_RECURSION = YES;
				CLANG_WARN_INT_CONVERSION = YES;
				CLANG_WARN_NON_LITERAL_NULL_CONVERSION = YES;
				CLANG_WARN_OBJC_IMPLICIT_RETAIN_SELF = YES;
				CLANG_WARN_OBJC_LITERAL_CONVERSION = YES;
				CLANG_WARN_OBJC_ROOT_CLASS = YES_ERROR;
				CLANG_WARN_RANGE_LOOP_ANALYSIS = YES;
				CLANG_WARN_STRICT_PROTOTYPES = YES;
				CLANG_WARN_SUSPICIOUS_MOVE = YES;
				CLANG_WARN_UNGUARDED_AVAILABILITY = YES_AGGRESSIVE;
				CLANG_WARN_UNREACHABLE_CODE = YES;
				CLANG_WARN__DUPLICATE_METHOD_MATCH = YES;
				CODE_SIGN_IDENTITY = "iPhone Developer";
				COPY_PHASE_STRIP = NO;
				DEBUG_INFORMATION_FORMAT = "dwarf-with-dsym";
				ENABLE_NS_ASSERTIONS = NO;
				ENABLE_STRICT_OBJC_MSGSEND = YES;
				GCC_C_LANGUAGE_STANDARD = gnu11;
				GCC_NO_COMMON_BLOCKS = YES;
				GCC_WARN_64_TO_32_BIT_CONVERSION = YES;
				GCC_WARN_ABOUT_RETURN_TYPE = YES_ERROR;
				GCC_WARN_UNDECLARED_SELECTOR = YES;
				GCC_WARN_UNINITIALIZED_AUTOS = YES_AGGRESSIVE;
				GCC_WARN_UNUSED_FUNCTION = YES;
				GCC_WARN_UNUSED_VARIABLE = YES;
				IPHONEOS_DEPLOYMENT_TARGET = 11.4;
				MTL_ENABLE_DEBUG_INFO = NO;
				SDKROOT = iphoneos;
				SWIFT_COMPILATION_MODE = wholemodule;
				SWIFT_OPTIMIZATION_LEVEL = "-O";
				VALIDATE_PRODUCT = YES;
			};
			name = Release;
		};
		77EFDCDE21494BD2005F9CDD /* Debug */ = {
			isa = XCBuildConfiguration;
			baseConfigurationReference = 2B0AE957DB81F2EF72A8932A /* Pods-WehkampApp.debug.xcconfig */;
			buildSettings = {
				ASSETCATALOG_COMPILER_APPICON_NAME = AppIcon;
				CODE_SIGN_STYLE = Automatic;
				DEVELOPMENT_TEAM = E8535WZUPC;
				INFOPLIST_FILE = WehkampApp/Info.plist;
				IPHONEOS_DEPLOYMENT_TARGET = 11.4;
				LD_RUNPATH_SEARCH_PATHS = (
					"$(inherited)",
					"@executable_path/Frameworks",
				);
				PRODUCT_BUNDLE_IDENTIFIER = com.app.WehkampApp;
				PRODUCT_NAME = "$(TARGET_NAME)";
				SWIFT_VERSION = 4.0;
				TARGETED_DEVICE_FAMILY = "1,2";
			};
			name = Debug;
		};
		77EFDCDF21494BD2005F9CDD /* Release */ = {
			isa = XCBuildConfiguration;
			baseConfigurationReference = 084C1F0989C031A80B5F9671 /* Pods-WehkampApp.release.xcconfig */;
			buildSettings = {
				ASSETCATALOG_COMPILER_APPICON_NAME = AppIcon;
				CODE_SIGN_STYLE = Automatic;
				DEVELOPMENT_TEAM = E8535WZUPC;
				INFOPLIST_FILE = WehkampApp/Info.plist;
				IPHONEOS_DEPLOYMENT_TARGET = 11.4;
				LD_RUNPATH_SEARCH_PATHS = (
					"$(inherited)",
					"@executable_path/Frameworks",
				);
				PRODUCT_BUNDLE_IDENTIFIER = com.app.WehkampApp;
				PRODUCT_NAME = "$(TARGET_NAME)";
				SWIFT_VERSION = 4.0;
				TARGETED_DEVICE_FAMILY = "1,2";
			};
			name = Release;
		};
		77EFDCE121494BD2005F9CDD /* Debug */ = {
			isa = XCBuildConfiguration;
			baseConfigurationReference = F6232952436EDE58C14921EB /* Pods-WehkampAppTests.debug.xcconfig */;
			buildSettings = {
				ALWAYS_EMBED_SWIFT_STANDARD_LIBRARIES = YES;
				BUNDLE_LOADER = "$(TEST_HOST)";
				CODE_SIGN_STYLE = Automatic;
				INFOPLIST_FILE = WehkampAppTests/Info.plist;
				LD_RUNPATH_SEARCH_PATHS = (
					"$(inherited)",
					"@executable_path/Frameworks",
					"@loader_path/Frameworks",
				);
				PRODUCT_BUNDLE_IDENTIFIER = com.app.WehkampAppTests;
				PRODUCT_NAME = "$(TARGET_NAME)";
				SWIFT_VERSION = 4.0;
				TARGETED_DEVICE_FAMILY = "1,2";
				TEST_HOST = "$(BUILT_PRODUCTS_DIR)/WehkampApp.app/WehkampApp";
			};
			name = Debug;
		};
		77EFDCE221494BD2005F9CDD /* Release */ = {
			isa = XCBuildConfiguration;
			baseConfigurationReference = 4AD43D37AB214E74B148FAA1 /* Pods-WehkampAppTests.release.xcconfig */;
			buildSettings = {
				ALWAYS_EMBED_SWIFT_STANDARD_LIBRARIES = YES;
				BUNDLE_LOADER = "$(TEST_HOST)";
				CODE_SIGN_STYLE = Automatic;
				INFOPLIST_FILE = WehkampAppTests/Info.plist;
				LD_RUNPATH_SEARCH_PATHS = (
					"$(inherited)",
					"@executable_path/Frameworks",
					"@loader_path/Frameworks",
				);
				PRODUCT_BUNDLE_IDENTIFIER = com.app.WehkampAppTests;
				PRODUCT_NAME = "$(TARGET_NAME)";
				SWIFT_VERSION = 4.0;
				TARGETED_DEVICE_FAMILY = "1,2";
				TEST_HOST = "$(BUILT_PRODUCTS_DIR)/WehkampApp.app/WehkampApp";
			};
			name = Release;
		};
/* End XCBuildConfiguration section */

/* Begin XCConfigurationList section */
		77EFDCBB21494BD0005F9CDD /* Build configuration list for PBXProject "WehkampApp" */ = {
			isa = XCConfigurationList;
			buildConfigurations = (
				77EFDCDB21494BD2005F9CDD /* Debug */,
				77EFDCDC21494BD2005F9CDD /* Release */,
			);
			defaultConfigurationIsVisible = 0;
			defaultConfigurationName = Release;
		};
		77EFDCDD21494BD2005F9CDD /* Build configuration list for PBXNativeTarget "WehkampApp" */ = {
			isa = XCConfigurationList;
			buildConfigurations = (
				77EFDCDE21494BD2005F9CDD /* Debug */,
				77EFDCDF21494BD2005F9CDD /* Release */,
			);
			defaultConfigurationIsVisible = 0;
			defaultConfigurationName = Release;
		};
		77EFDCE021494BD2005F9CDD /* Build configuration list for PBXNativeTarget "WehkampAppTests" */ = {
			isa = XCConfigurationList;
			buildConfigurations = (
				77EFDCE121494BD2005F9CDD /* Debug */,
				77EFDCE221494BD2005F9CDD /* Release */,
			);
			defaultConfigurationIsVisible = 0;
			defaultConfigurationName = Release;
		};
/* End XCConfigurationList section */
	};
	rootObject = 77EFDCB821494BD0005F9CDD /* Project object */;
}
